
Microsoft Visual Studio Solution File, Format Version 12.00
# Visual Studio 15
VisualStudioVersion = 15.0.28010.2016
MinimumVisualStudioVersion = 10.0.40219.1
Project("{FAE04EC0-301F-11D3-BF4B-00C04F79EFBC}") = "SmartHomeServer", "SmartHomeServer\SmartHomeServer.csproj", "{EF876006-B2CA-48E7-96FD-6C03F2B524D4}"
EndProject
Global
	GlobalSection(SolutionConfigurationPlatforms) = preSolution
		Debug|Any CPU = Debug|Any CPU
		Release|Any CPU = Release|Any CPU
	EndGlobalSection
	GlobalSection(ProjectConfigurationPlatforms) = postSolution
		{EF876006-B2CA-48E7-96FD-6C03F2B524D4}.Debug|Any CPU.ActiveCfg = Debug|Any CPU
		{EF876006-B2CA-48E7-96FD-6C03F2B524D4}.Debug|Any CPU.Build.0 = Debug|Any CPU
		{EF876006-B2CA-48E7-96FD-6C03F2B524D4}.Release|Any CPU.ActiveCfg = Release|Any CPU
		{EF876006-B2CA-48E7-96FD-6C03F2B524D4}.Release|Any CPU.Build.0 = Release|Any CPU
	EndGlobalSection
	GlobalSection(SolutionProperties) = preSolution
		HideSolutionNode = FALSE
	EndGlobalSection
	GlobalSection(ExtensibilityGlobals) = postSolution
		SolutionGuid = {AF7940B0-8E4D-46CA-AF01-9C5DB268DA5E}
	EndGlobalSection
EndGlobal
